<?xml version="1.0" encoding="utf-8"?>
<Project ToolsVersion="4.0" xmlns="http://schemas.microsoft.com/developer/msbuild/2003">
  <ItemGroup>
    <Filter Include="Source Files">
      <UniqueIdentifier>{4FC737F1-C7A5-4376-A066-2A32D752A2FF}</UniqueIdentifier>
      <Extensions>cpp;c;cc;cxx;def;odl;idl;hpj;bat;asm;asmx</Extensions>
    </Filter>
    <Filter Include="Hash structures">
      <UniqueIdentifier>{67DA6AB6-F800-4c08-8B7A-83BB121AAD01}</UniqueIdentifier>
      <Extensions>rc;ico;cur;bmp;dlg;rc2;rct;bin;rgs;gif;jpg;jpeg;jpe;resx;tiff;tif;png;wav;mfcribbon-ms</Extensions>
    </Filter>
    <Filter Include="Hashing functions">
      <UniqueIdentifier>{93995380-89BD-4b04-88EB-625FBE52EBFB}</UniqueIdentifier>
      <Extensions>h;hh;hpp;hxx;hm;inl;inc;xsd</Extensions>
    </Filter>
    <Filter Include="Hash structures\Separate chaining Map">
      <UniqueIdentifier>{ba8e13ed-74c0-47aa-8863-f09c6e97aaed}</UniqueIdentifier>
    </Filter>
    <Filter Include="Hash structures\Linear probing map">
      <UniqueIdentifier>{91b0bfc5-8a69-4d71-8add-443c6e5b4d18}</UniqueIdentifier>
    </Filter>
  </ItemGroup>
  <ItemGroup>
    <ClCompile Include="main.cpp">
      <Filter>Source Files</Filter>
    </ClCompile>
  </ItemGroup>
  <ItemGroup>
    <ClInclude Include="HashFunction.h">
      <Filter>Hashing functions</Filter>
    </ClInclude>
    <ClInclude Include="ModAndMultiHashFunction.h">
      <Filter>Hashing functions</Filter>
    </ClInclude>
    <ClInclude Include="ModuloHashFunction.h">
      <Filter>Hashing functions</Filter>
    </ClInclude>
    <ClInclude Include="ModuloHashFunctionImpl.hpp">
      <Filter>Hashing functions</Filter>
    </ClInclude>
    <ClInclude Include="ModAndMultiHashFunctionImpl.hpp">
      <Filter>Hashing functions</Filter>
    </ClInclude>
    <ClInclude Include="SCMap.h">
      <Filter>Hash structures\Separate chaining Map</Filter>
    </ClInclude>
  </ItemGroup>
</Project>