
Microsoft Visual Studio Solution File, Format Version 12.00
# Visual Studio 14
VisualStudioVersion = 14.0.25420.1
MinimumVisualStudioVersion = 10.0.40219.1
Project("{8BC9CEB8-8B4A-11D0-8D11-00A0C91BC942}") = "Unique pointer", "Unique pointer\Unique pointer.vcxproj", "{0E68C02E-373B-475C-8097-8CBF56A130F6}"
EndProject
Project("{8BC9CEB8-8B4A-11D0-8D11-00A0C91BC942}") = "Unique pointer unit test", "Unique pointer unit test\Unique pointer unit test.vcxproj", "{1CDE67EF-BFF0-4483-8838-3CDF8412399B}"
EndProject
Global
	GlobalSection(SolutionConfigurationPlatforms) = preSolution
		Debug|x64 = Debug|x64
		Debug|x86 = Debug|x86
		Release|x64 = Release|x64
		Release|x86 = Release|x86
	EndGlobalSection
	GlobalSection(ProjectConfigurationPlatforms) = postSolution
		{0E68C02E-373B-475C-8097-8CBF56A130F6}.Debug|x64.ActiveCfg = Debug|x64
		{0E68C02E-373B-475C-8097-8CBF56A130F6}.Debug|x64.Build.0 = Debug|x64
		{0E68C02E-373B-475C-8097-8CBF56A130F6}.Debug|x86.ActiveCfg = Debug|Win32
		{0E68C02E-373B-475C-8097-8CBF56A130F6}.Debug|x86.Build.0 = Debug|Win32
		{0E68C02E-373B-475C-8097-8CBF56A130F6}.Release|x64.ActiveCfg = Release|x64
		{0E68C02E-373B-475C-8097-8CBF56A130F6}.Release|x64.Build.0 = Release|x64
		{0E68C02E-373B-475C-8097-8CBF56A130F6}.Release|x86.ActiveCfg = Release|Win32
		{0E68C02E-373B-475C-8097-8CBF56A130F6}.Release|x86.Build.0 = Release|Win32
		{1CDE67EF-BFF0-4483-8838-3CDF8412399B}.Debug|x64.ActiveCfg = Debug|x64
		{1CDE67EF-BFF0-4483-8838-3CDF8412399B}.Debug|x64.Build.0 = Debug|x64
		{1CDE67EF-BFF0-4483-8838-3CDF8412399B}.Debug|x86.ActiveCfg = Debug|Win32
		{1CDE67EF-BFF0-4483-8838-3CDF8412399B}.Debug|x86.Build.0 = Debug|Win32
		{1CDE67EF-BFF0-4483-8838-3CDF8412399B}.Release|x64.ActiveCfg = Release|x64
		{1CDE67EF-BFF0-4483-8838-3CDF8412399B}.Release|x64.Build.0 = Release|x64
		{1CDE67EF-BFF0-4483-8838-3CDF8412399B}.Release|x86.ActiveCfg = Release|Win32
		{1CDE67EF-BFF0-4483-8838-3CDF8412399B}.Release|x86.Build.0 = Release|Win32
	EndGlobalSection
	GlobalSection(SolutionProperties) = preSolution
		HideSolutionNode = FALSE
	EndGlobalSection
EndGlobal
