<?xml version="1.0" encoding="utf-8"?>
<Project ToolsVersion="4.0" xmlns="http://schemas.microsoft.com/developer/msbuild/2003">
  <ItemGroup>
    <Filter Include="Static stack">
      <UniqueIdentifier>{67DA6AB6-F800-4c08-8B7A-83BB121AAD01}</UniqueIdentifier>
      <Extensions>rc;ico;cur;bmp;dlg;rc2;rct;bin;rgs;gif;jpg;jpeg;jpe;resx;tiff;tif;png;wav;mfcribbon-ms</Extensions>
    </Filter>
    <Filter Include="Dynamic stack">
      <UniqueIdentifier>{93995380-89BD-4b04-88EB-625FBE52EBFB}</UniqueIdentifier>
      <Extensions>h;hh;hpp;hxx;hm;inl;inc;xsd</Extensions>
    </Filter>
    <Filter Include="LStack">
      <UniqueIdentifier>{4FC737F1-C7A5-4376-A066-2A32D752A2FF}</UniqueIdentifier>
      <Extensions>cpp;c;cc;cxx;def;odl;idl;hpj;bat;asm;asmx</Extensions>
    </Filter>
  </ItemGroup>
  <ItemGroup>
    <ClInclude Include="..\..\Dynamic stack\DynamicStack.h">
      <Filter>Dynamic stack</Filter>
    </ClInclude>
    <ClInclude Include="..\..\Dynamic stack\DynamicStackImpl.hpp">
      <Filter>Dynamic stack</Filter>
    </ClInclude>
    <ClInclude Include="..\..\Static stack\StaticStack.h">
      <Filter>Static stack</Filter>
    </ClInclude>
    <ClInclude Include="..\..\Static stack\StaticStackImpl.hpp">
      <Filter>Static stack</Filter>
    </ClInclude>
    <ClInclude Include="..\..\Linked-List Stack\LStack.h">
      <Filter>LStack</Filter>
    </ClInclude>
    <ClInclude Include="..\..\Linked-List Stack\LStackImpl.hpp">
      <Filter>LStack</Filter>
    </ClInclude>
    <ClInclude Include="..\..\Linked-List Stack\Node.h">
      <Filter>LStack</Filter>
    </ClInclude>
    <ClInclude Include="..\..\Linked-List Stack\NodeImpl.hpp">
      <Filter>LStack</Filter>
    </ClInclude>
  </ItemGroup>
</Project>